
Microsoft Visual Studio Solution File, Format Version 12.00
# Visual Studio 15
VisualStudioVersion = 15.0.28307.539
MinimumVisualStudioVersion = 10.0.40219.1
Project("{FAE04EC0-301F-11D3-BF4B-00C04F79EFBC}") = "Hangfire", "Hangfire\Hangfire.csproj", "{FF65FD94-B68F-4391-89BC-A48E10C160A9}"
EndProject
Global
	GlobalSection(SolutionConfigurationPlatforms) = preSolution
		Debug|Any CPU = Debug|Any CPU
		Release|Any CPU = Release|Any CPU
	EndGlobalSection
	GlobalSection(ProjectConfigurationPlatforms) = postSolution
		{FF65FD94-B68F-4391-89BC-A48E10C160A9}.Debug|Any CPU.ActiveCfg = Debug|Any CPU
		{FF65FD94-B68F-4391-89BC-A48E10C160A9}.Debug|Any CPU.Build.0 = Debug|Any CPU
		{FF65FD94-B68F-4391-89BC-A48E10C160A9}.Release|Any CPU.ActiveCfg = Release|Any CPU
		{FF65FD94-B68F-4391-89BC-A48E10C160A9}.Release|Any CPU.Build.0 = Release|Any CPU
	EndGlobalSection
	GlobalSection(SolutionProperties) = preSolution
		HideSolutionNode = FALSE
	EndGlobalSection
	GlobalSection(ExtensibilityGlobals) = postSolution
		SolutionGuid = {B8B35DCB-85D2-46DF-B30A-92FEEA0E8607}
	EndGlobalSection
EndGlobal
